
Microsoft Visual Studio Solution File, Format Version 12.00
# Visual Studio Version 17
VisualStudioVersion = 17.4.33213.308
MinimumVisualStudioVersion = 10.0.40219.1
Project("{FAE04EC0-301F-11D3-BF4B-00C04F79EFBC}") = "CSVProject", "CSVProject\CSVProject.csproj", "{83CDD7A5-2CDE-4776-B27C-9FC629A6C6D2}"
EndProject
Project("{2150E333-8FDC-42A3-9474-1A3956D46DE8}") = "CSVProj2", "CSVProj2", "{1FE813F4-ACAF-4581-9DF4-22A86B4EB05F}"
EndProject
Global
	GlobalSection(SolutionConfigurationPlatforms) = preSolution
		Debug|Any CPU = Debug|Any CPU
		Release|Any CPU = Release|Any CPU
	EndGlobalSection
	GlobalSection(ProjectConfigurationPlatforms) = postSolution
		{83CDD7A5-2CDE-4776-B27C-9FC629A6C6D2}.Debug|Any CPU.ActiveCfg = Debug|Any CPU
		{83CDD7A5-2CDE-4776-B27C-9FC629A6C6D2}.Debug|Any CPU.Build.0 = Debug|Any CPU
		{83CDD7A5-2CDE-4776-B27C-9FC629A6C6D2}.Release|Any CPU.ActiveCfg = Release|Any CPU
		{83CDD7A5-2CDE-4776-B27C-9FC629A6C6D2}.Release|Any CPU.Build.0 = Release|Any CPU
	EndGlobalSection
	GlobalSection(SolutionProperties) = preSolution
		HideSolutionNode = FALSE
	EndGlobalSection
	GlobalSection(ExtensibilityGlobals) = postSolution
		SolutionGuid = {55E13476-0202-4CAA-8B42-CA8721E968D7}
	EndGlobalSection
EndGlobal
